{
  "name": "est-app",
  "version": "1.0.0",
  "lockfileVersion": 3,
  "requires": true,
  "packages": {
    "": {
      "name": "est-app",
      "version": "1.0.0",
      "license": "ISC",
      "dependencies": {
        "js-md5": "^0.7.3",
        "uni-request": "^1.0.2",
        "uni-simple-router": "^1.5.1"
      }
    },
    "node_modules/js-md5": {
      "version": "0.7.3",
      "license": "MIT"
    },
    "node_modules/uni-hold-tabbar": {
      "version": "1.0.0",
      "license": "ISC"
    },
    "node_modules/uni-request": {
      "version": "1.0.2",
      "license": "ISC"
    },
    "node_modules/uni-simple-router": {
      "version": "1.5.1",
      "hasInstallScript": true,
      "license": "MIT",
      "dependencies": {
        "uni-hold-tabbar": "^1.0.0"
      }
    }
  }
}
